<?xml version="1.0" encoding="utf-8"?>
<Project ToolsVersion="4.0" xmlns="http://schemas.microsoft.com/developer/msbuild/2003">
  <ItemGroup>
    <Filter Include="Quelldateien">
      <UniqueIdentifier>{4FC737F1-C7A5-4376-A066-2A32D752A2FF}</UniqueIdentifier>
      <Extensions>cpp;c;cc;cxx;def;odl;idl;hpj;bat;asm;asmx</Extensions>
    </Filter>
    <Filter Include="Headerdateien">
      <UniqueIdentifier>{93995380-89BD-4b04-88EB-625FBE52EBFB}</UniqueIdentifier>
      <Extensions>h;hh;hpp;hxx;hm;inl;inc;xsd</Extensions>
    </Filter>
    <Filter Include="Ressourcendateien">
      <UniqueIdentifier>{67DA6AB6-F800-4c08-8B7A-83BB121AAD01}</UniqueIdentifier>
      <Extensions>rc;ico;cur;bmp;dlg;rc2;rct;bin;rgs;gif;jpg;jpeg;jpe;resx;tiff;tif;png;wav;mfcribbon-ms</Extensions>
    </Filter>
    <Filter Include="Quelldateien\ext">
      <UniqueIdentifier>{2233c057-d0ad-4ba2-85fd-68c87d3ccf4f}</UniqueIdentifier>
    </Filter>
    <Filter Include="Quelldateien\ext\freetype">
      <UniqueIdentifier>{d8de4b05-6903-4bc4-8c9b-13634475cfb3}</UniqueIdentifier>
    </Filter>
    <Filter Include="Headerdateien\ext">
      <UniqueIdentifier>{7d3a9de4-5123-4d3a-9dcd-280440752f76}</UniqueIdentifier>
    </Filter>
    <Filter Include="Headerdateien\ext\freetype">
      <UniqueIdentifier>{1f536860-cbd8-4e85-a333-d71a60375ed5}</UniqueIdentifier>
    </Filter>
    <Filter Include="Quelldateien\ext\freetype\FT_MODULES">
      <UniqueIdentifier>{4ca673e6-c6d1-4e4a-a07c-b6cfa679d374}</UniqueIdentifier>
    </Filter>
    <Filter Include="Quelldateien\ext\freetype-gl">
      <UniqueIdentifier>{7b6730f0-4987-41d3-9ee7-893cb8bc2ba0}</UniqueIdentifier>
    </Filter>
    <Filter Include="Headerdateien\ext\freetype-gl">
      <UniqueIdentifier>{dca275af-48c4-4b9e-940c-5ee0f062e71b}</UniqueIdentifier>
    </Filter>
    <Filter Include="Headerdateien\graphics">
      <UniqueIdentifier>{31fbeca9-2345-457d-89d9-bda545ae187e}</UniqueIdentifier>
    </Filter>
    <Filter Include="Headerdateien\maths">
      <UniqueIdentifier>{52475df1-6bce-4dc8-b291-fadfa000ca8b}</UniqueIdentifier>
    </Filter>
    <Filter Include="Headerdateien\utils">
      <UniqueIdentifier>{47c0d582-d213-4035-aec0-aa1a13d730ba}</UniqueIdentifier>
    </Filter>
    <Filter Include="Headerdateien\graphics\buffers">
      <UniqueIdentifier>{ff26e690-3016-4eed-94d6-2d53072e1a6e}</UniqueIdentifier>
    </Filter>
    <Filter Include="Headerdateien\graphics\layers">
      <UniqueIdentifier>{6a074049-9d63-41cc-9988-51f378f6ea10}</UniqueIdentifier>
    </Filter>
    <Filter Include="Headerdateien\graphics\renderables">
      <UniqueIdentifier>{b2f3f70d-9bde-4da0-b86d-b3e5c68f4cdb}</UniqueIdentifier>
    </Filter>
    <Filter Include="Quelldateien\graphics">
      <UniqueIdentifier>{caec01c7-490b-4c83-b624-0710d7f077d3}</UniqueIdentifier>
    </Filter>
    <Filter Include="Quelldateien\maths">
      <UniqueIdentifier>{5af139c7-ab2f-4fe9-a577-560f1a598f4d}</UniqueIdentifier>
    </Filter>
    <Filter Include="Quelldateien\graphics\buffers">
      <UniqueIdentifier>{918bd22f-9656-4a2d-aa6a-20062949c550}</UniqueIdentifier>
    </Filter>
    <Filter Include="Quelldateien\graphics\layers">
      <UniqueIdentifier>{1ddf9115-1a1c-4059-8a48-d693ec6375fb}</UniqueIdentifier>
    </Filter>
    <Filter Include="Quelldateien\graphics\renderables">
      <UniqueIdentifier>{99ca655b-bb50-43b8-99e9-2241ac33a8be}</UniqueIdentifier>
    </Filter>
    <Filter Include="Headerdateien\graphics\fonts">
      <UniqueIdentifier>{8c390d09-d04d-4fca-a891-7a7de89e8344}</UniqueIdentifier>
    </Filter>
    <Filter Include="Quelldateien\graphics\fonts">
      <UniqueIdentifier>{239b8aaa-f81b-4981-80fe-189fa2261878}</UniqueIdentifier>
    </Filter>
    <Filter Include="Headerdateien\ext\gorilla-audio">
      <UniqueIdentifier>{c0d77913-aa17-42a5-86a8-be83734ee7c2}</UniqueIdentifier>
    </Filter>
    <Filter Include="Quelldateien\ext\gorilla-audio">
      <UniqueIdentifier>{c86d65b8-8500-4436-838c-9ad7bcf872cb}</UniqueIdentifier>
    </Filter>
    <Filter Include="Quelldateien\audio">
      <UniqueIdentifier>{af86887e-a74e-44ae-b894-66b03499edb8}</UniqueIdentifier>
    </Filter>
    <Filter Include="Headerdateien\audio">
      <UniqueIdentifier>{9b2f105b-4883-4378-bfdb-b7a9acd004f9}</UniqueIdentifier>
    </Filter>
    <Filter Include="Headerdateien\graphics\shaders">
      <UniqueIdentifier>{4945611f-9f47-42c6-bdfb-7322e0a47cd1}</UniqueIdentifier>
    </Filter>
    <Filter Include="Quelldateien\graphics\shaders">
      <UniqueIdentifier>{35aed47e-6cd9-464e-bd91-552a3029ed45}</UniqueIdentifier>
    </Filter>
    <Filter Include="Quelldateien\embedded">
      <UniqueIdentifier>{24f6b43b-0a84-4fd8-baff-170f19103c9d}</UniqueIdentifier>
    </Filter>
    <Filter Include="Headerdateien\embedded">
      <UniqueIdentifier>{1b93a8cd-5df5-45b5-b15b-18b9a23f0721}</UniqueIdentifier>
    </Filter>
    <Filter Include="Ressourcendateien\embedded">
      <UniqueIdentifier>{b6800932-11cf-48e0-a474-1b155073613d}</UniqueIdentifier>
    </Filter>
    <Filter Include="Quelldateien\platform">
      <UniqueIdentifier>{f4c9ec72-2c10-49b5-ac18-5681670eb7a8}</UniqueIdentifier>
    </Filter>
    <Filter Include="Quelldateien\platform\windows">
      <UniqueIdentifier>{1171d33f-6b1c-438c-a387-c0c5d402f3f9}</UniqueIdentifier>
    </Filter>
    <Filter Include="Quelldateien\graphics\postfx">
      <UniqueIdentifier>{1d7e7db6-eeff-4fa0-bb66-9012442e1e48}</UniqueIdentifier>
    </Filter>
    <Filter Include="Headerdateien\graphics\postfx">
      <UniqueIdentifier>{3bcf0405-e361-40e8-9c7a-678327e5135b}</UniqueIdentifier>
    </Filter>
    <Filter Include="Headerdateien\graphics\events">
      <UniqueIdentifier>{a114323b-f1dc-42d7-90cf-3ccc3120c237}</UniqueIdentifier>
    </Filter>
    <Filter Include="Quelldateien\events">
      <UniqueIdentifier>{26559808-94f4-4f09-b184-742a578fec6b}</UniqueIdentifier>
    </Filter>
    <Filter Include="Quelldateien\platform\opengl">
      <UniqueIdentifier>{29557b88-c542-4614-b675-c8e6869f3cc6}</UniqueIdentifier>
    </Filter>
    <Filter Include="Headerdateien\platform">
      <UniqueIdentifier>{e2054f8e-b2cf-41e3-b4d3-1d1b51543b08}</UniqueIdentifier>
    </Filter>
    <Filter Include="Headerdateien\platform\opengl">
      <UniqueIdentifier>{d57a4063-aa6f-4689-a9cb-d8aa7800135d}</UniqueIdentifier>
    </Filter>
    <Filter Include="Headerdateien\graphics\camera">
      <UniqueIdentifier>{60d4069b-1255-4e1c-9b81-f12fd735d6ba}</UniqueIdentifier>
    </Filter>
    <Filter Include="Headerdateien\entity">
      <UniqueIdentifier>{12514c8e-d012-4283-90d1-525899178016}</UniqueIdentifier>
    </Filter>
    <Filter Include="Headerdateien\entity\component">
      <UniqueIdentifier>{56296fcc-2d49-43cb-ae7d-8ec6283e1b22}</UniqueIdentifier>
    </Filter>
    <Filter Include="Quelldateien\camera">
      <UniqueIdentifier>{bab2a094-3997-48f3-bac3-90120dd6f5fc}</UniqueIdentifier>
    </Filter>
    <Filter Include="Quelldateien\entity">
      <UniqueIdentifier>{5cde83a8-3786-44aa-8762-5feef7169fbe}</UniqueIdentifier>
    </Filter>
    <Filter Include="Quelldateien\entity\component">
      <UniqueIdentifier>{d6c54738-137a-4c21-b64f-d504f1187cc4}</UniqueIdentifier>
    </Filter>
    <Filter Include="Quelldateien\platform\posix">
      <UniqueIdentifier>{f36cbf9e-bf8d-445b-8eee-32ff827dd50c}</UniqueIdentifier>
    </Filter>
    <Filter Include="Quelldateien\utils">
      <UniqueIdentifier>{2511bf72-6d10-4cd1-89ee-6256928a044c}</UniqueIdentifier>
    </Filter>
    <Filter Include="Quelldateien\platform\directx">
      <UniqueIdentifier>{67566f2c-20f6-49c3-acbf-685ddd68537d}</UniqueIdentifier>
    </Filter>
  </ItemGroup>
  <ItemGroup>
    <ClCompile Include="src\radi\app\application.cpp">
      <Filter>Quelldateien</Filter>
    </ClCompile>
    <ClCompile Include="src\radi\maths\AABB.cpp">
      <Filter>Quelldateien\maths</Filter>
    </ClCompile>
    <ClCompile Include="src\radi\maths\mat4.cpp">
      <Filter>Quelldateien\maths</Filter>
    </ClCompile>
    <ClCompile Include="src\radi\maths\quaternion.cpp">
      <Filter>Quelldateien\maths</Filter>
    </ClCompile>
    <ClCompile Include="src\radi\maths\vec2.cpp">
      <Filter>Quelldateien\maths</Filter>
    </ClCompile>
    <ClCompile Include="src\radi\maths\vec3.cpp">
      <Filter>Quelldateien\maths</Filter>
    </ClCompile>
    <ClCompile Include="src\radi\maths\vec4.cpp">
      <Filter>Quelldateien\maths</Filter>
    </ClCompile>
    <ClCompile Include="src\radi\audio\sound.cpp">
      <Filter>Quelldateien\audio</Filter>
    </ClCompile>
    <ClCompile Include="src\radi\audio\sound_manager.cpp">
      <Filter>Quelldateien\audio</Filter>
    </ClCompile>
    <ClCompile Include="src\radi\graphics\camera\camera.cpp">
      <Filter>Quelldateien\camera</Filter>
    </ClCompile>
    <ClCompile Include="src\radi\graphics\camera\maya_camera.cpp">
      <Filter>Quelldateien\camera</Filter>
    </ClCompile>
    <ClCompile Include="src\radi\graphics\layers\group.cpp">
      <Filter>Quelldateien\graphics\layers</Filter>
    </ClCompile>
    <ClCompile Include="src\radi\graphics\layers\layer.cpp">
      <Filter>Quelldateien\graphics\layers</Filter>
    </ClCompile>
    <ClCompile Include="src\radi\graphics\layers\layer2D.cpp">
      <Filter>Quelldateien\graphics\layers</Filter>
    </ClCompile>
    <ClCompile Include="src\radi\graphics\layers\layer3D.cpp">
      <Filter>Quelldateien\graphics\layers</Filter>
    </ClCompile>
    <ClCompile Include="src\radi\graphics\postfx\post_effect_pass.cpp">
      <Filter>Quelldateien\graphics\postfx</Filter>
    </ClCompile>
    <ClCompile Include="src\radi\graphics\postfx\post_effects.cpp">
      <Filter>Quelldateien\graphics\postfx</Filter>
    </ClCompile>
    <ClCompile Include="src\radi\graphics\shaders\shader.cpp">
      <Filter>Quelldateien\graphics\shaders</Filter>
    </ClCompile>
    <ClCompile Include="src\radi\graphics\shaders\shader_factory.cpp">
      <Filter>Quelldateien\graphics\shaders</Filter>
    </ClCompile>
    <ClCompile Include="src\radi\graphics\shaders\shader_uniform.cpp">
      <Filter>Quelldateien\graphics\shaders</Filter>
    </ClCompile>
    <ClCompile Include="src\radi\graphics\batchrenderer2d.cpp">
      <Filter>Quelldateien\graphics</Filter>
    </ClCompile>
    <ClCompile Include="src\radi\graphics\font.cpp">
      <Filter>Quelldateien\graphics\fonts</Filter>
    </ClCompile>
    <ClCompile Include="src\radi\graphics\font_manager.cpp">
      <Filter>Quelldateien\graphics\fonts</Filter>
    </ClCompile>
    <ClCompile Include="src\radi\graphics\forward_renderer.cpp">
      <Filter>Quelldateien\graphics</Filter>
    </ClCompile>
    <ClCompile Include="src\radi\graphics\label.cpp">
      <Filter>Quelldateien\graphics\renderables</Filter>
    </ClCompile>
    <ClCompile Include="src\radi\graphics\material.cpp">
      <Filter>Quelldateien\graphics</Filter>
    </ClCompile>
    <ClCompile Include="src\radi\graphics\mesh.cpp">
      <Filter>Quelldateien\graphics</Filter>
    </ClCompile>
    <ClCompile Include="src\radi\graphics\mesh_factory.cpp">
      <Filter>Quelldateien\graphics</Filter>
    </ClCompile>
    <ClCompile Include="src\radi\graphics\model.cpp">
      <Filter>Quelldateien\graphics</Filter>
    </ClCompile>
    <ClCompile Include="src\radi\graphics\scene.cpp">
      <Filter>Quelldateien\graphics</Filter>
    </ClCompile>
    <ClCompile Include="src\radi\graphics\sprite.cpp">
      <Filter>Quelldateien\graphics\renderables</Filter>
    </ClCompile>
    <ClCompile Include="src\radi\graphics\texture_manager.cpp">
      <Filter>Quelldateien\graphics</Filter>
    </ClCompile>
    <ClCompile Include="src\radi\events\event.cpp">
      <Filter>Quelldateien\events</Filter>
    </ClCompile>
    <ClCompile Include="src\radi\events\key_event.cpp">
      <Filter>Quelldateien\events</Filter>
    </ClCompile>
    <ClCompile Include="src\radi\events\mouse_event.cpp">
      <Filter>Quelldateien\events</Filter>
    </ClCompile>
    <ClCompile Include="src\radi\entity\component\component.cpp">
      <Filter>Quelldateien\entity\component</Filter>
    </ClCompile>
    <ClCompile Include="src\radi\entity\component\mesh_component.cpp">
      <Filter>Quelldateien\entity\component</Filter>
    </ClCompile>
    <ClCompile Include="src\radi\entity\component\transform_component.cpp">
      <Filter>Quelldateien\entity\component</Filter>
    </ClCompile>
    <ClCompile Include="src\radi\entity\entity.cpp">
      <Filter>Quelldateien\entity</Filter>
    </ClCompile>
    <ClCompile Include="src\radi\embedded\embedded.cpp">
      <Filter>Quelldateien\embedded</Filter>
    </ClCompile>
    <ClCompile Include="src\radi\rd.cpp">
      <Filter>Quelldateien</Filter>
    </ClCompile>
    <ClCompile Include="src\radi\utils\image_load.cpp">
      <Filter>Quelldateien\utils</Filter>
    </ClCompile>
    <ClCompile Include="src\radi\radi_string.cpp">
      <Filter>Quelldateien\utils</Filter>
    </ClCompile>
    <ClCompile Include="src\radi\app\window.cpp">
      <Filter>Quelldateien\graphics</Filter>
    </ClCompile>
    <ClCompile Include="src\radi\app\input.cpp">
      <Filter>Quelldateien</Filter>
    </ClCompile>
    <ClCompile Include="src\radi\platform\posix\posix_timer.cpp">
      <Filter>Quelldateien\platform\posix</Filter>
    </ClCompile>
    <ClCompile Include="src\radi\platform\windows\win32application.cpp">
      <Filter>Quelldateien\platform\windows</Filter>
    </ClCompile>
    <ClCompile Include="src\radi\platform\windows\win32log.cpp">
      <Filter>Quelldateien\platform\windows</Filter>
    </ClCompile>
    <ClCompile Include="src\radi\platform\windows\win32timer.cpp">
      <Filter>Quelldateien\platform\windows</Filter>
    </ClCompile>
    <ClCompile Include="src\radi\platform\windows\win32window.cpp">
      <Filter>Quelldateien\platform\windows</Filter>
    </ClCompile>
    <ClCompile Include="src\radi\rddebug\debug_layer.cpp">
      <Filter>Quelldateien</Filter>
    </ClCompile>
    <ClCompile Include="src\radi\rddebug\debug_menu.cpp">
      <Filter>Quelldateien</Filter>
    </ClCompile>
    <ClCompile Include="src\radi\platform\windows\win32input.cpp">
      <Filter>Quelldateien</Filter>
    </ClCompile>
    <ClCompile Include="src\radi\maths\rectangle.cpp">
      <Filter>Quelldateien</Filter>
    </ClCompile>
    <ClCompile Include="src\radi\graphics\ui\panel.cpp">
      <Filter>Quelldateien</Filter>
    </ClCompile>
    <ClCompile Include="src\radi\graphics\ui\widget.cpp">
      <Filter>Quelldateien</Filter>
    </ClCompile>
    <ClCompile Include="src\radi\rddebug\debug_menu_item.cpp">
      <Filter>Quelldateien</Filter>
    </ClCompile>
    <ClCompile Include="src\radi\rddebug\debug_menu_slider.cpp">
      <Filter>Quelldateien</Filter>
    </ClCompile>
    <ClCompile Include="src\radi\graphics\ui\button.cpp">
      <Filter>Quelldateien</Filter>
    </ClCompile>
    <ClCompile Include="src\radi\graphics\ui\slider.cpp">
      <Filter>Quelldateien</Filter>
    </ClCompile>
    <ClCompile Include="src\radi\graphics\light_setup.cpp">
      <Filter>Quelldateien</Filter>
    </ClCompile>
    <ClCompile Include="src\radi\graphics\light.cpp">
      <Filter>Quelldateien</Filter>
    </ClCompile>
    <ClCompile Include="src\radi\graphics\API\framebuffer.cpp">
      <Filter>Quelldateien\graphics</Filter>
    </ClCompile>
    <ClCompile Include="src\radi\graphics\API\Framebuffer2D.cpp">
      <Filter>Quelldateien</Filter>
    </ClCompile>
    <ClCompile Include="src\radi\graphics\API\FramebufferDepth.cpp">
      <Filter>Quelldateien</Filter>
    </ClCompile>
    <ClCompile Include="src\radi\graphics\API\Context.cpp">
      <Filter>Quelldateien</Filter>
    </ClCompile>
    <ClCompile Include="src\radi\system\Allocator.cpp">
      <Filter>Quelldateien</Filter>
    </ClCompile>
    <ClCompile Include="src\radi\system\Memory.cpp">
      <Filter>Quelldateien</Filter>
    </ClCompile>
    <ClCompile Include="src\radi\system\memory_manager.cpp">
      <Filter>Quelldateien</Filter>
    </ClCompile>
    <ClCompile Include="src\radi\system\System.cpp">
      <Filter>Quelldateien</Filter>
    </ClCompile>
    <ClCompile Include="src\radi\graphics\API\buffer_layout.cpp">
      <Filter>Quelldateien\graphics\buffers</Filter>
    </ClCompile>
    <ClCompile Include="src\radi\graphics\API\indexbuffer.cpp">
      <Filter>Quelldateien\graphics\buffers</Filter>
    </ClCompile>
    <ClCompile Include="src\radi\graphics\API\vertexarray.cpp">
      <Filter>Quelldateien\graphics\buffers</Filter>
    </ClCompile>
    <ClCompile Include="src\radi\graphics\API\texture.cpp">
      <Filter>Quelldateien\graphics</Filter>
    </ClCompile>
    <ClCompile Include="src\radi\graphics\API\Texture2D.cpp">
      <Filter>Quelldateien</Filter>
    </ClCompile>
    <ClCompile Include="src\radi\graphics\API\TextureCube.cpp">
      <Filter>Quelldateien</Filter>
    </ClCompile>
    <ClCompile Include="src\radi\graphics\API\TextureDepth.cpp">
      <Filter>Quelldateien</Filter>
    </ClCompile>
    <ClCompile Include="src\radi\graphics\API\VertexBuffer.cpp">
      <Filter>Quelldateien</Filter>
    </ClCompile>
    <ClCompile Include="src\radi\platform\windows\win32memoryManager.cpp">
      <Filter>Quelldateien</Filter>
    </ClCompile>
    <ClCompile Include="src\radi\graphics\renderer.cpp">
      <Filter>Quelldateien</Filter>
    </ClCompile>
    <ClCompile Include="src\radi\rddebug\debug_renderer.cpp">
      <Filter>Quelldateien</Filter>
    </ClCompile>
    <ClCompile Include="src\radi\graphics\shaders\shader_manager.cpp">
      <Filter>Quelldateien</Filter>
    </ClCompile>
    <ClCompile Include="src\radi\events\window_event.cpp">
      <Filter>Quelldateien</Filter>
    </ClCompile>
    <ClCompile Include="src\radi\graphics\camera\fps_camera.cpp">
      <Filter>Quelldateien</Filter>
    </ClCompile>
    <ClCompile Include="src\radi\graphics\deferred_renderer.cpp">
      <Filter>Quelldateien</Filter>
    </ClCompile>
    <ClCompile Include="src\radi\graphics\gbuffer.cpp">
      <Filter>Quelldateien</Filter>
    </ClCompile>
    <ClCompile Include="src\radi\graphics\OBJModel.cpp">
      <Filter>Quelldateien</Filter>
    </ClCompile>
    <ClCompile Include="src\radi\graphics\PBRMaterial.cpp">
      <Filter>Quelldateien</Filter>
    </ClCompile>
    <ClCompile Include="src\radi\utils\fileutils.cpp">
      <Filter>Quelldateien</Filter>
    </ClCompile>
    <ClCompile Include="src\radi\platform\directx\DXContext.cpp">
      <Filter>Quelldateien\platform\directx</Filter>
    </ClCompile>
    <ClCompile Include="src\radi\platform\directx\DXFramebuffer2D.cpp">
      <Filter>Quelldateien\platform\directx</Filter>
    </ClCompile>
    <ClCompile Include="src\radi\platform\directx\DXFramebufferDepth.cpp">
      <Filter>Quelldateien\platform\directx</Filter>
    </ClCompile>
    <ClCompile Include="src\radi\platform\directx\DXIndexBuffer.cpp">
      <Filter>Quelldateien\platform\directx</Filter>
    </ClCompile>
    <ClCompile Include="src\radi\platform\directx\DXRenderer.cpp">
      <Filter>Quelldateien\platform\directx</Filter>
    </ClCompile>
    <ClCompile Include="src\radi\platform\directx\DXShader.cpp">
      <Filter>Quelldateien\platform\directx</Filter>
    </ClCompile>
    <ClCompile Include="src\radi\platform\directx\DXShaderResource.cpp">
      <Filter>Quelldateien\platform\directx</Filter>
    </ClCompile>
    <ClCompile Include="src\radi\platform\directx\DXShaderUniform.cpp">
      <Filter>Quelldateien\platform\directx</Filter>
    </ClCompile>
    <ClCompile Include="src\radi\platform\directx\DXTexture2D.cpp">
      <Filter>Quelldateien\platform\directx</Filter>
    </ClCompile>
    <ClCompile Include="src\radi\platform\directx\DXTextureCube.cpp">
      <Filter>Quelldateien\platform\directx</Filter>
    </ClCompile>
    <ClCompile Include="src\radi\platform\directx\DXTextureDepth.cpp">
      <Filter>Quelldateien\platform\directx</Filter>
    </ClCompile>
    <ClCompile Include="src\radi\platform\directx\DXVertexArray.cpp">
      <Filter>Quelldateien\platform\directx</Filter>
    </ClCompile>
    <ClCompile Include="src\radi\platform\directx\DXVertexBuffer.cpp">
      <Filter>Quelldateien\platform\directx</Filter>
    </ClCompile>
    <ClCompile Include="src\radi\platform\opengl\GLContext.cpp">
      <Filter>Quelldateien\platform\opengl</Filter>
    </ClCompile>
    <ClCompile Include="src\radi\platform\opengl\GLError.cpp">
      <Filter>Quelldateien\platform\opengl</Filter>
    </ClCompile>
    <ClCompile Include="src\radi\platform\opengl\GLFramebuffer2D.cpp">
      <Filter>Quelldateien\platform\opengl</Filter>
    </ClCompile>
    <ClCompile Include="src\radi\platform\opengl\GLFramebufferDepth.cpp">
      <Filter>Quelldateien\platform\opengl</Filter>
    </ClCompile>
    <ClCompile Include="src\radi\platform\opengl\GLIndexBuffer.cpp">
      <Filter>Quelldateien\platform\opengl</Filter>
    </ClCompile>
    <ClCompile Include="src\radi\platform\opengl\GLRenderer.cpp">
      <Filter>Quelldateien\platform\opengl</Filter>
    </ClCompile>
    <ClCompile Include="src\radi\platform\opengl\GLShader.cpp">
      <Filter>Quelldateien\platform\opengl</Filter>
    </ClCompile>
    <ClCompile Include="src\radi\platform\opengl\GLShaderResource.cpp">
      <Filter>Quelldateien\platform\opengl</Filter>
    </ClCompile>
    <ClCompile Include="src\radi\platform\opengl\GLShaderUniform.cpp">
      <Filter>Quelldateien\platform\opengl</Filter>
    </ClCompile>
    <ClCompile Include="src\radi\platform\opengl\GLTexture2D.cpp">
      <Filter>Quelldateien\platform\opengl</Filter>
    </ClCompile>
    <ClCompile Include="src\radi\platform\opengl\GLTextureCube.cpp">
      <Filter>Quelldateien\platform\opengl</Filter>
    </ClCompile>
    <ClCompile Include="src\radi\platform\opengl\GLTextureDepth.cpp">
      <Filter>Quelldateien\platform\opengl</Filter>
    </ClCompile>
    <ClCompile Include="src\radi\platform\opengl\GLVertexArray.cpp">
      <Filter>Quelldateien\platform\opengl</Filter>
    </ClCompile>
    <ClCompile Include="src\radi\platform\opengl\GLVertexBuffer.cpp">
      <Filter>Quelldateien\platform\opengl</Filter>
    </ClCompile>
    <ClCompile Include="src\radi\system\vfs.cpp">
      <Filter>Quelldateien</Filter>
    </ClCompile>
    <ClCompile Include="src\radi\system\filesystem.cpp">
      <Filter>Quelldateien</Filter>
    </ClCompile>
    <ClCompile Include="src\radi\platform\windows\win32filesystem.cpp">
      <Filter>Quelldateien</Filter>
    </ClCompile>
    <ClCompile Include="src\radi\graphics\camera\orthographic_camera.cpp">
      <Filter>Quelldateien</Filter>
    </ClCompile>
    <ClCompile Include="src\radi\entity\component\sprite_component.cpp">
      <Filter>Quelldateien</Filter>
    </ClCompile>
    <ClCompile Include="src\radi\graphics\renderable2D.cpp">
      <Filter>Quelldateien</Filter>
    </ClCompile>
    <ClCompile Include="src\radi\entity\component\physics2Dcomponent.cpp">
      <Filter>Quelldateien</Filter>
    </ClCompile>
    <ClCompile Include="src\radi\scene2D.cpp">
      <Filter>Quelldateien</Filter>
    </ClCompile>
  </ItemGroup>
  <ItemGroup>
    <ClInclude Include="src\radi.h">
      <Filter>Headerdateien</Filter>
    </ClInclude>
    <ClInclude Include="src\radi\app\application.h">
      <Filter>Headerdateien</Filter>
    </ClInclude>
    <ClInclude Include="src\radi\utils\fileutils.h">
      <Filter>Headerdateien\utils</Filter>
    </ClInclude>
    <ClInclude Include="src\radi\utils\image_load.h">
      <Filter>Headerdateien\utils</Filter>
    </ClInclude>
    <ClInclude Include="src\radi\utils\log.h">
      <Filter>Headerdateien\utils</Filter>
    </ClInclude>
    <ClInclude Include="src\radi\utils\timer.h">
      <Filter>Headerdateien\utils</Filter>
    </ClInclude>
    <ClInclude Include="src\radi\maths\AABB.h">
      <Filter>Headerdateien\maths</Filter>
    </ClInclude>
    <ClInclude Include="src\radi\maths\mat4.h">
      <Filter>Headerdateien\maths</Filter>
    </ClInclude>
    <ClInclude Include="src\radi\maths\maths.h">
      <Filter>Headerdateien\maths</Filter>
    </ClInclude>
    <ClInclude Include="src\radi\maths\maths_func.h">
      <Filter>Headerdateien\maths</Filter>
    </ClInclude>
    <ClInclude Include="src\radi\maths\quaternion.h">
      <Filter>Headerdateien\maths</Filter>
    </ClInclude>
    <ClInclude Include="src\radi\maths\tvec2.h">
      <Filter>Headerdateien\maths</Filter>
    </ClInclude>
    <ClInclude Include="src\radi\maths\vec2.h">
      <Filter>Headerdateien\maths</Filter>
    </ClInclude>
    <ClInclude Include="src\radi\maths\vec3.h">
      <Filter>Headerdateien\maths</Filter>
    </ClInclude>
    <ClInclude Include="src\radi\maths\vec4.h">
      <Filter>Headerdateien\maths</Filter>
    </ClInclude>
    <ClInclude Include="src\radi\audio\sound.h">
      <Filter>Headerdateien\audio</Filter>
    </ClInclude>
    <ClInclude Include="src\radi\audio\sound_manager.h">
      <Filter>Headerdateien\audio</Filter>
    </ClInclude>
    <ClInclude Include="src\radi\graphics\camera\camera.h">
      <Filter>Headerdateien\graphics\camera</Filter>
    </ClInclude>
    <ClInclude Include="src\radi\graphics\camera\maya_camera.h">
      <Filter>Headerdateien\graphics\camera</Filter>
    </ClInclude>
    <ClInclude Include="src\radi\graphics\layers\group.h">
      <Filter>Headerdateien\graphics\layers</Filter>
    </ClInclude>
    <ClInclude Include="src\radi\graphics\layers\layer.h">
      <Filter>Headerdateien\graphics\layers</Filter>
    </ClInclude>
    <ClInclude Include="src\radi\graphics\layers\layer2D.h">
      <Filter>Headerdateien\graphics\layers</Filter>
    </ClInclude>
    <ClInclude Include="src\radi\graphics\layers\layer3D.h">
      <Filter>Headerdateien\graphics\layers</Filter>
    </ClInclude>
    <ClInclude Include="src\radi\graphics\postfx\post_effect_pass.h">
      <Filter>Headerdateien\graphics\postfx</Filter>
    </ClInclude>
    <ClInclude Include="src\radi\graphics\postfx\post_effects.h">
      <Filter>Headerdateien\graphics\postfx</Filter>
    </ClInclude>
    <ClInclude Include="src\radi\graphics\shaders\shader.h">
      <Filter>Headerdateien\graphics\shaders</Filter>
    </ClInclude>
    <ClInclude Include="src\radi\graphics\shaders\shader_factory.h">
      <Filter>Headerdateien\graphics\shaders</Filter>
    </ClInclude>
    <ClInclude Include="src\radi\graphics\shaders\shader_uniform.h">
      <Filter>Headerdateien\graphics\shaders</Filter>
    </ClInclude>
    <ClInclude Include="src\radi\graphics\batchrenderer2d.h">
      <Filter>Headerdateien\graphics</Filter>
    </ClInclude>
    <ClInclude Include="src\radi\graphics\font.h">
      <Filter>Headerdateien\graphics\fonts</Filter>
    </ClInclude>
    <ClInclude Include="src\radi\graphics\font_manager.h">
      <Filter>Headerdateien\graphics\fonts</Filter>
    </ClInclude>
    <ClInclude Include="src\radi\graphics\forward_renderer.h">
      <Filter>Headerdateien\graphics</Filter>
    </ClInclude>
    <ClInclude Include="src\radi\graphics\iRenderable.h">
      <Filter>Headerdateien\graphics\renderables</Filter>
    </ClInclude>
    <ClInclude Include="src\radi\graphics\label.h">
      <Filter>Headerdateien\graphics\renderables</Filter>
    </ClInclude>
    <ClInclude Include="src\radi\graphics\mask.h">
      <Filter>Headerdateien\graphics</Filter>
    </ClInclude>
    <ClInclude Include="src\radi\graphics\material.h">
      <Filter>Headerdateien\graphics</Filter>
    </ClInclude>
    <ClInclude Include="src\radi\graphics\mesh.h">
      <Filter>Headerdateien\graphics</Filter>
    </ClInclude>
    <ClInclude Include="src\radi\graphics\mesh_factory.h">
      <Filter>Headerdateien\graphics</Filter>
    </ClInclude>
    <ClInclude Include="src\radi\graphics\model.h">
      <Filter>Headerdateien\graphics</Filter>
    </ClInclude>
    <ClInclude Include="src\radi\graphics\render_command.h">
      <Filter>Headerdateien\graphics</Filter>
    </ClInclude>
    <ClInclude Include="src\radi\graphics\renderable2d.h">
      <Filter>Headerdateien\graphics\renderables</Filter>
    </ClInclude>
    <ClInclude Include="src\radi\graphics\renderer2d.h">
      <Filter>Headerdateien\graphics</Filter>
    </ClInclude>
    <ClInclude Include="src\radi\graphics\renderer3D.h">
      <Filter>Headerdateien\graphics</Filter>
    </ClInclude>
    <ClInclude Include="src\radi\graphics\scene.h">
      <Filter>Headerdateien\graphics</Filter>
    </ClInclude>
    <ClInclude Include="src\radi\graphics\sprite.h">
      <Filter>Headerdateien\graphics\renderables</Filter>
    </ClInclude>
    <ClInclude Include="src\radi\graphics\texture_manager.h">
      <Filter>Headerdateien\graphics</Filter>
    </ClInclude>
    <ClInclude Include="src\radi\events\event.h">
      <Filter>Headerdateien\graphics\events</Filter>
    </ClInclude>
    <ClInclude Include="src\radi\events\iEventlistener.h">
      <Filter>Headerdateien\graphics\events</Filter>
    </ClInclude>
    <ClInclude Include="src\radi\events\key_event.h">
      <Filter>Headerdateien\graphics\events</Filter>
    </ClInclude>
    <ClInclude Include="src\radi\events\mouse_event.h">
      <Filter>Headerdateien\graphics\events</Filter>
    </ClInclude>
    <ClInclude Include="src\radi\entity\component\component.h">
      <Filter>Headerdateien\entity\component</Filter>
    </ClInclude>
    <ClInclude Include="src\radi\entity\component\components.h">
      <Filter>Headerdateien\entity\component</Filter>
    </ClInclude>
    <ClInclude Include="src\radi\entity\component\mesh_component.h">
      <Filter>Headerdateien\entity\component</Filter>
    </ClInclude>
    <ClInclude Include="src\radi\entity\component\transform_component.h">
      <Filter>Headerdateien\entity\component</Filter>
    </ClInclude>
    <ClInclude Include="src\radi\entity\entity.h">
      <Filter>Headerdateien\entity</Filter>
    </ClInclude>
    <ClInclude Include="src\radi\embedded\embedded.h">
      <Filter>Headerdateien\embedded</Filter>
    </ClInclude>
    <ClInclude Include="src\radi\rd.h">
      <Filter>Headerdateien</Filter>
    </ClInclude>
    <ClInclude Include="src\radi\common.h">
      <Filter>Headerdateien</Filter>
    </ClInclude>
    <ClInclude Include="src\radi\radi_string.h">
      <Filter>Headerdateien\utils</Filter>
    </ClInclude>
    <ClInclude Include="src\radi\radi_types.h">
      <Filter>Headerdateien\utils</Filter>
    </ClInclude>
    <ClInclude Include="src\radi\events\events.h">
      <Filter>Headerdateien</Filter>
    </ClInclude>
    <ClInclude Include="src\radi\events\event_dispatcher.h">
      <Filter>Headerdateien</Filter>
    </ClInclude>
    <ClInclude Include="src\radi\app\window.h">
      <Filter>Headerdateien\graphics</Filter>
    </ClInclude>
    <ClInclude Include="src\radi\app\input.h">
      <Filter>Headerdateien</Filter>
    </ClInclude>
    <ClInclude Include="src\radi\rddebug\debug_layer.h">
      <Filter>Headerdateien</Filter>
    </ClInclude>
    <ClInclude Include="src\radi\rddebug\debug_menu.h">
      <Filter>Headerdateien</Filter>
    </ClInclude>
    <ClInclude Include="src\radi\maths\rectangle.h">
      <Filter>Headerdateien</Filter>
    </ClInclude>
    <ClInclude Include="src\radi\graphics\ui\panel.h">
      <Filter>Headerdateien</Filter>
    </ClInclude>
    <ClInclude Include="src\radi\graphics\ui\widget.h">
      <Filter>Headerdateien</Filter>
    </ClInclude>
    <ClInclude Include="src\radi\rddebug\debug_menu_action.h">
      <Filter>Headerdateien</Filter>
    </ClInclude>
    <ClInclude Include="src\radi\rddebug\debug_menu_item.h">
      <Filter>Headerdateien</Filter>
    </ClInclude>
    <ClInclude Include="src\radi\rddebug\debug_menu_slider.h">
      <Filter>Headerdateien</Filter>
    </ClInclude>
    <ClInclude Include="src\radi\graphics\ui\button.h">
      <Filter>Headerdateien</Filter>
    </ClInclude>
    <ClInclude Include="src\radi\graphics\ui\slider.h">
      <Filter>Headerdateien</Filter>
    </ClInclude>
    <ClInclude Include="src\radi\graphics\light_setup.h">
      <Filter>Headerdateien</Filter>
    </ClInclude>
    <ClInclude Include="src\radi\graphics\light.h">
      <Filter>Headerdateien</Filter>
    </ClInclude>
    <ClInclude Include="src\radi\events\window_event.h">
      <Filter>Headerdateien</Filter>
    </ClInclude>
    <ClInclude Include="src\radi\graphics\API\framebuffer.h">
      <Filter>Headerdateien\graphics</Filter>
    </ClInclude>
    <ClInclude Include="src\radi\graphics\API\FramebufferDepth.h">
      <Filter>Headerdateien</Filter>
    </ClInclude>
    <ClInclude Include="src\radi\graphics\API\Framebuffer2D.h">
      <Filter>Headerdateien</Filter>
    </ClInclude>
    <ClInclude Include="src\radi\graphics\API\Context.h">
      <Filter>Headerdateien</Filter>
    </ClInclude>
    <ClInclude Include="src\radi\system\Allocator.h">
      <Filter>Headerdateien</Filter>
    </ClInclude>
    <ClInclude Include="src\radi\system\Memory.h">
      <Filter>Headerdateien</Filter>
    </ClInclude>
    <ClInclude Include="src\radi\system\memory_manager.h">
      <Filter>Headerdateien</Filter>
    </ClInclude>
    <ClInclude Include="src\radi\system\System.h">
      <Filter>Headerdateien</Filter>
    </ClInclude>
    <ClInclude Include="src\radi\platform\directx\DXCommon.h">
      <Filter>Headerdateien</Filter>
    </ClInclude>
    <ClInclude Include="src\radi\platform\directx\DXContext.h">
      <Filter>Headerdateien</Filter>
    </ClInclude>
    <ClInclude Include="src\radi\platform\directx\DXFramebuffer2D.h">
      <Filter>Headerdateien</Filter>
    </ClInclude>
    <ClInclude Include="src\radi\platform\directx\DXFramebufferDepth.h">
      <Filter>Headerdateien</Filter>
    </ClInclude>
    <ClInclude Include="src\radi\platform\directx\DXIndexBuffer.h">
      <Filter>Headerdateien</Filter>
    </ClInclude>
    <ClInclude Include="src\radi\platform\directx\DXRenderer.h">
      <Filter>Headerdateien</Filter>
    </ClInclude>
    <ClInclude Include="src\radi\platform\directx\DXShader.h">
      <Filter>Headerdateien</Filter>
    </ClInclude>
    <ClInclude Include="src\radi\platform\directx\DXShaderResource.h">
      <Filter>Headerdateien</Filter>
    </ClInclude>
    <ClInclude Include="src\radi\platform\directx\DXShaderUniform.h">
      <Filter>Headerdateien</Filter>
    </ClInclude>
    <ClInclude Include="src\radi\platform\directx\DXTexture2D.h">
      <Filter>Headerdateien</Filter>
    </ClInclude>
    <ClInclude Include="src\radi\platform\directx\DXTextureCube.h">
      <Filter>Headerdateien</Filter>
    </ClInclude>
    <ClInclude Include="src\radi\platform\directx\DXTextureDepth.h">
      <Filter>Headerdateien</Filter>
    </ClInclude>
    <ClInclude Include="src\radi\platform\directx\DXTextureHandle.h">
      <Filter>Headerdateien</Filter>
    </ClInclude>
    <ClInclude Include="src\radi\platform\directx\DXTypes.h">
      <Filter>Headerdateien</Filter>
    </ClInclude>
    <ClInclude Include="src\radi\platform\directx\DXVertexArray.h">
      <Filter>Headerdateien</Filter>
    </ClInclude>
    <ClInclude Include="src\radi\platform\directx\DXVertexBuffer.h">
      <Filter>Headerdateien</Filter>
    </ClInclude>
    <ClInclude Include="src\radi\graphics\API\buffer_layout.h">
      <Filter>Headerdateien\graphics\buffers</Filter>
    </ClInclude>
    <ClInclude Include="src\radi\graphics\API\indexbuffer.h">
      <Filter>Headerdateien\graphics\buffers</Filter>
    </ClInclude>
    <ClInclude Include="src\radi\graphics\API\vertexarray.h">
      <Filter>Headerdateien\graphics\buffers</Filter>
    </ClInclude>
    <ClInclude Include="src\radi\graphics\API\texture.h">
      <Filter>Headerdateien\graphics</Filter>
    </ClInclude>
    <ClInclude Include="src\radi\graphics\API\Texture2D.h">
      <Filter>Headerdateien</Filter>
    </ClInclude>
    <ClInclude Include="src\radi\graphics\API\TextureCube.h">
      <Filter>Headerdateien</Filter>
    </ClInclude>
    <ClInclude Include="src\radi\graphics\API\TextureDepth.h">
      <Filter>Headerdateien</Filter>
    </ClInclude>
    <ClInclude Include="src\radi\graphics\API\VertexBuffer.h">
      <Filter>Headerdateien</Filter>
    </ClInclude>
    <ClInclude Include="src\radi\platform\opengl\GLCommon.h">
      <Filter>Headerdateien</Filter>
    </ClInclude>
    <ClInclude Include="src\radi\platform\opengl\GLContext.h">
      <Filter>Headerdateien</Filter>
    </ClInclude>
    <ClInclude Include="src\radi\platform\opengl\GLFramebuffer2D.h">
      <Filter>Headerdateien</Filter>
    </ClInclude>
    <ClInclude Include="src\radi\platform\opengl\GLFramebufferDepth.h">
      <Filter>Headerdateien</Filter>
    </ClInclude>
    <ClInclude Include="src\radi\platform\opengl\GLIndexBuffer.h">
      <Filter>Headerdateien</Filter>
    </ClInclude>
    <ClInclude Include="src\radi\platform\opengl\GLRenderer.h">
      <Filter>Headerdateien</Filter>
    </ClInclude>
    <ClInclude Include="src\radi\platform\opengl\GLShader.h">
      <Filter>Headerdateien</Filter>
    </ClInclude>
    <ClInclude Include="src\radi\platform\opengl\GLShaderResource.h">
      <Filter>Headerdateien</Filter>
    </ClInclude>
    <ClInclude Include="src\radi\platform\opengl\GLShaderUniform.h">
      <Filter>Headerdateien</Filter>
    </ClInclude>
    <ClInclude Include="src\radi\platform\opengl\GLTexture2D.h">
      <Filter>Headerdateien</Filter>
    </ClInclude>
    <ClInclude Include="src\radi\platform\opengl\GLTextureCube.h">
      <Filter>Headerdateien</Filter>
    </ClInclude>
    <ClInclude Include="src\radi\platform\opengl\GLTextureDepth.h">
      <Filter>Headerdateien</Filter>
    </ClInclude>
    <ClInclude Include="src\radi\platform\opengl\GLTypes.h">
      <Filter>Headerdateien</Filter>
    </ClInclude>
    <ClInclude Include="src\radi\platform\opengl\GLVertexArray.h">
      <Filter>Headerdateien</Filter>
    </ClInclude>
    <ClInclude Include="src\radi\platform\opengl\GLVertexBuffer.h">
      <Filter>Headerdateien</Filter>
    </ClInclude>
    <ClInclude Include="src\radi\graphics\renderer.h">
      <Filter>Headerdateien</Filter>
    </ClInclude>
    <ClInclude Include="src\radi\graphics\shaders\shader_resource.h">
      <Filter>Headerdateien</Filter>
    </ClInclude>
    <ClInclude Include="src\radi\rddebug\debug_renderer.h">
      <Filter>Headerdateien</Filter>
    </ClInclude>
    <ClInclude Include="src\radi\graphics\shaders\shader_manager.h">
      <Filter>Headerdateien</Filter>
    </ClInclude>
    <ClInclude Include="src\radi\graphics\camera\fps_camera.h">
      <Filter>Headerdateien</Filter>
    </ClInclude>
    <ClInclude Include="src\radi\graphics\deferred_renderer.h">
      <Filter>Headerdateien</Filter>
    </ClInclude>
    <ClInclude Include="src\radi\graphics\gbuffer.h">
      <Filter>Headerdateien</Filter>
    </ClInclude>
    <ClInclude Include="src\radi\graphics\PBRMaterial.h">
      <Filter>Headerdateien</Filter>
    </ClInclude>
    <ClInclude Include="src\radi\system\vfs.h">
      <Filter>Headerdateien</Filter>
    </ClInclude>
    <ClInclude Include="src\radi\system\filesystem.h">
      <Filter>Headerdateien</Filter>
    </ClInclude>
    <ClInclude Include="src\radi\graphics\camera\orthographic_camera.h">
      <Filter>Headerdateien</Filter>
    </ClInclude>
    <ClInclude Include="src\radi\entity\component\sprite_component.h">
      <Filter>Headerdateien</Filter>
    </ClInclude>
    <ClInclude Include="src\radi\utils\timestep.h">
      <Filter>Headerdateien</Filter>
    </ClInclude>
    <ClInclude Include="src\radi\entity\component\physics2Dcomponent.h">
      <Filter>Headerdateien</Filter>
    </ClInclude>
    <ClInclude Include="src\radi\scene2D.h">
      <Filter>Headerdateien</Filter>
    </ClInclude>
  </ItemGroup>
  <ItemGroup>
    <None Include="src\radi\embedded\files\SourceSansPro-Light.embed">
      <Filter>Ressourcendateien\embedded</Filter>
    </None>
    <None Include="src\radi\platform\opengl\shaders\BatchRenderer.shader" />
  </ItemGroup>
</Project>