<?xml version="1.0" encoding="utf-8"?>
<Project ToolsVersion="4.0" xmlns="http://schemas.microsoft.com/developer/msbuild/2003">
  <ItemGroup>
    <Filter Include="Quelldateien">
      <UniqueIdentifier>{4FC737F1-C7A5-4376-A066-2A32D752A2FF}</UniqueIdentifier>
      <Extensions>cpp;c;cc;cxx;def;odl;idl;hpj;bat;asm;asmx</Extensions>
    </Filter>
    <Filter Include="Headerdateien">
      <UniqueIdentifier>{93995380-89BD-4b04-88EB-625FBE52EBFB}</UniqueIdentifier>
      <Extensions>h;hh;hpp;hxx;hm;inl;inc;xsd</Extensions>
    </Filter>
    <Filter Include="Ressourcendateien">
      <UniqueIdentifier>{67DA6AB6-F800-4c08-8B7A-83BB121AAD01}</UniqueIdentifier>
      <Extensions>rc;ico;cur;bmp;dlg;rc2;rct;bin;rgs;gif;jpg;jpeg;jpe;resx;tiff;tif;png;wav;mfcribbon-ms</Extensions>
    </Filter>
    <Filter Include="Quelldateien\ext">
      <UniqueIdentifier>{2233c057-d0ad-4ba2-85fd-68c87d3ccf4f}</UniqueIdentifier>
    </Filter>
    <Filter Include="Quelldateien\ext\freetype">
      <UniqueIdentifier>{d8de4b05-6903-4bc4-8c9b-13634475cfb3}</UniqueIdentifier>
    </Filter>
    <Filter Include="Headerdateien\ext">
      <UniqueIdentifier>{7d3a9de4-5123-4d3a-9dcd-280440752f76}</UniqueIdentifier>
    </Filter>
    <Filter Include="Headerdateien\ext\freetype">
      <UniqueIdentifier>{1f536860-cbd8-4e85-a333-d71a60375ed5}</UniqueIdentifier>
    </Filter>
    <Filter Include="Quelldateien\ext\freetype\FT_MODULES">
      <UniqueIdentifier>{4ca673e6-c6d1-4e4a-a07c-b6cfa679d374}</UniqueIdentifier>
    </Filter>
    <Filter Include="Quelldateien\ext\freetype-gl">
      <UniqueIdentifier>{7b6730f0-4987-41d3-9ee7-893cb8bc2ba0}</UniqueIdentifier>
    </Filter>
    <Filter Include="Headerdateien\ext\freetype-gl">
      <UniqueIdentifier>{dca275af-48c4-4b9e-940c-5ee0f062e71b}</UniqueIdentifier>
    </Filter>
    <Filter Include="Headerdateien\graphics">
      <UniqueIdentifier>{31fbeca9-2345-457d-89d9-bda545ae187e}</UniqueIdentifier>
    </Filter>
    <Filter Include="Headerdateien\maths">
      <UniqueIdentifier>{52475df1-6bce-4dc8-b291-fadfa000ca8b}</UniqueIdentifier>
    </Filter>
    <Filter Include="Headerdateien\utils">
      <UniqueIdentifier>{47c0d582-d213-4035-aec0-aa1a13d730ba}</UniqueIdentifier>
    </Filter>
    <Filter Include="Headerdateien\graphics\buffers">
      <UniqueIdentifier>{ff26e690-3016-4eed-94d6-2d53072e1a6e}</UniqueIdentifier>
    </Filter>
    <Filter Include="Headerdateien\graphics\layers">
      <UniqueIdentifier>{6a074049-9d63-41cc-9988-51f378f6ea10}</UniqueIdentifier>
    </Filter>
    <Filter Include="Headerdateien\graphics\renderables">
      <UniqueIdentifier>{b2f3f70d-9bde-4da0-b86d-b3e5c68f4cdb}</UniqueIdentifier>
    </Filter>
    <Filter Include="Quelldateien\graphics">
      <UniqueIdentifier>{caec01c7-490b-4c83-b624-0710d7f077d3}</UniqueIdentifier>
    </Filter>
    <Filter Include="Quelldateien\maths">
      <UniqueIdentifier>{5af139c7-ab2f-4fe9-a577-560f1a598f4d}</UniqueIdentifier>
    </Filter>
    <Filter Include="Quelldateien\graphics\buffers">
      <UniqueIdentifier>{918bd22f-9656-4a2d-aa6a-20062949c550}</UniqueIdentifier>
    </Filter>
    <Filter Include="Quelldateien\graphics\layers">
      <UniqueIdentifier>{1ddf9115-1a1c-4059-8a48-d693ec6375fb}</UniqueIdentifier>
    </Filter>
    <Filter Include="Quelldateien\graphics\renderables">
      <UniqueIdentifier>{99ca655b-bb50-43b8-99e9-2241ac33a8be}</UniqueIdentifier>
    </Filter>
    <Filter Include="Headerdateien\graphics\fonts">
      <UniqueIdentifier>{8c390d09-d04d-4fca-a891-7a7de89e8344}</UniqueIdentifier>
    </Filter>
    <Filter Include="Quelldateien\graphics\fonts">
      <UniqueIdentifier>{239b8aaa-f81b-4981-80fe-189fa2261878}</UniqueIdentifier>
    </Filter>
    <Filter Include="Headerdateien\ext\gorilla-audio">
      <UniqueIdentifier>{c0d77913-aa17-42a5-86a8-be83734ee7c2}</UniqueIdentifier>
    </Filter>
    <Filter Include="Quelldateien\ext\gorilla-audio">
      <UniqueIdentifier>{c86d65b8-8500-4436-838c-9ad7bcf872cb}</UniqueIdentifier>
    </Filter>
    <Filter Include="Quelldateien\audio">
      <UniqueIdentifier>{af86887e-a74e-44ae-b894-66b03499edb8}</UniqueIdentifier>
    </Filter>
    <Filter Include="Headerdateien\audio">
      <UniqueIdentifier>{9b2f105b-4883-4378-bfdb-b7a9acd004f9}</UniqueIdentifier>
    </Filter>
    <Filter Include="Headerdateien\graphics\shaders">
      <UniqueIdentifier>{4945611f-9f47-42c6-bdfb-7322e0a47cd1}</UniqueIdentifier>
    </Filter>
    <Filter Include="Quelldateien\graphics\shaders">
      <UniqueIdentifier>{35aed47e-6cd9-464e-bd91-552a3029ed45}</UniqueIdentifier>
    </Filter>
    <Filter Include="Quelldateien\embedded">
      <UniqueIdentifier>{24f6b43b-0a84-4fd8-baff-170f19103c9d}</UniqueIdentifier>
    </Filter>
    <Filter Include="Headerdateien\embedded">
      <UniqueIdentifier>{1b93a8cd-5df5-45b5-b15b-18b9a23f0721}</UniqueIdentifier>
    </Filter>
    <Filter Include="Ressourcendateien\embedded">
      <UniqueIdentifier>{b6800932-11cf-48e0-a474-1b155073613d}</UniqueIdentifier>
    </Filter>
  </ItemGroup>
  <ItemGroup>
    <ClCompile Include="ext\freetype\src\autofit\autofit.c">
      <Filter>Quelldateien\ext\freetype</Filter>
    </ClCompile>
    <ClCompile Include="ext\freetype\src\bdf\bdf.c">
      <Filter>Quelldateien\ext\freetype</Filter>
    </ClCompile>
    <ClCompile Include="ext\freetype\src\cff\cff.c">
      <Filter>Quelldateien\ext\freetype</Filter>
    </ClCompile>
    <ClCompile Include="ext\freetype\src\base\ftbase.c">
      <Filter>Quelldateien\ext\freetype</Filter>
    </ClCompile>
    <ClCompile Include="ext\freetype\src\base\ftbitmap.c">
      <Filter>Quelldateien\ext\freetype</Filter>
    </ClCompile>
    <ClCompile Include="ext\freetype\src\cache\ftcache.c">
      <Filter>Quelldateien\ext\freetype</Filter>
    </ClCompile>
    <ClCompile Include="ext\freetype\src\base\ftdebug.c">
      <Filter>Quelldateien\ext\freetype</Filter>
    </ClCompile>
    <ClCompile Include="ext\freetype\src\base\ftfstype.c">
      <Filter>Quelldateien\ext\freetype</Filter>
    </ClCompile>
    <ClCompile Include="ext\freetype\src\base\ftgasp.c">
      <Filter>Quelldateien\ext\freetype</Filter>
    </ClCompile>
    <ClCompile Include="ext\freetype\src\base\ftglyph.c">
      <Filter>Quelldateien\ext\freetype</Filter>
    </ClCompile>
    <ClCompile Include="ext\freetype\src\gzip\ftgzip.c">
      <Filter>Quelldateien\ext\freetype</Filter>
    </ClCompile>
    <ClCompile Include="ext\freetype\src\base\ftinit.c">
      <Filter>Quelldateien\ext\freetype</Filter>
    </ClCompile>
    <ClCompile Include="ext\freetype\src\lzw\ftlzw.c">
      <Filter>Quelldateien\ext\freetype</Filter>
    </ClCompile>
    <ClCompile Include="ext\freetype\src\base\ftstroke.c">
      <Filter>Quelldateien\ext\freetype</Filter>
    </ClCompile>
    <ClCompile Include="ext\freetype\src\base\ftsystem.c">
      <Filter>Quelldateien\ext\freetype</Filter>
    </ClCompile>
    <ClCompile Include="ext\freetype\src\smooth\smooth.c">
      <Filter>Quelldateien\ext\freetype</Filter>
    </ClCompile>
    <ClCompile Include="ext\freetype\src\base\ftbbox.c">
      <Filter>Quelldateien\ext\freetype\FT_MODULES</Filter>
    </ClCompile>
    <ClCompile Include="ext\freetype\src\base\ftwinfnt.c">
      <Filter>Quelldateien\ext\freetype\FT_MODULES</Filter>
    </ClCompile>
    <ClCompile Include="ext\freetype\src\base\ftgxval.c">
      <Filter>Quelldateien\ext\freetype\FT_MODULES</Filter>
    </ClCompile>
    <ClCompile Include="ext\freetype\src\base\ftlcdfil.c">
      <Filter>Quelldateien\ext\freetype\FT_MODULES</Filter>
    </ClCompile>
    <ClCompile Include="ext\freetype\src\base\ftmm.c">
      <Filter>Quelldateien\ext\freetype\FT_MODULES</Filter>
    </ClCompile>
    <ClCompile Include="ext\freetype\src\base\ftotval.c">
      <Filter>Quelldateien\ext\freetype\FT_MODULES</Filter>
    </ClCompile>
    <ClCompile Include="ext\freetype\src\base\ftpatent.c">
      <Filter>Quelldateien\ext\freetype\FT_MODULES</Filter>
    </ClCompile>
    <ClCompile Include="ext\freetype\src\base\ftpfr.c">
      <Filter>Quelldateien\ext\freetype\FT_MODULES</Filter>
    </ClCompile>
    <ClCompile Include="ext\freetype\src\base\ftsynth.c">
      <Filter>Quelldateien\ext\freetype\FT_MODULES</Filter>
    </ClCompile>
    <ClCompile Include="ext\freetype\src\base\fttype1.c">
      <Filter>Quelldateien\ext\freetype\FT_MODULES</Filter>
    </ClCompile>
    <ClCompile Include="ext\freetype\src\pcf\pcf.c">
      <Filter>Quelldateien\ext\freetype\FT_MODULES</Filter>
    </ClCompile>
    <ClCompile Include="ext\freetype\src\psaux\psaux.c">
      <Filter>Quelldateien\ext\freetype\FT_MODULES</Filter>
    </ClCompile>
    <ClCompile Include="ext\freetype\src\pshinter\pshinter.c">
      <Filter>Quelldateien\ext\freetype\FT_MODULES</Filter>
    </ClCompile>
    <ClCompile Include="ext\freetype\src\psnames\psmodule.c">
      <Filter>Quelldateien\ext\freetype\FT_MODULES</Filter>
    </ClCompile>
    <ClCompile Include="ext\freetype\src\raster\raster.c">
      <Filter>Quelldateien\ext\freetype\FT_MODULES</Filter>
    </ClCompile>
    <ClCompile Include="ext\freetype\src\sfnt\sfnt.c">
      <Filter>Quelldateien\ext\freetype\FT_MODULES</Filter>
    </ClCompile>
    <ClCompile Include="ext\freetype\src\truetype\truetype.c">
      <Filter>Quelldateien\ext\freetype\FT_MODULES</Filter>
    </ClCompile>
    <ClCompile Include="ext\freetype\src\type1\type1.c">
      <Filter>Quelldateien\ext\freetype\FT_MODULES</Filter>
    </ClCompile>
    <ClCompile Include="ext\freetype\src\cid\type1cid.c">
      <Filter>Quelldateien\ext\freetype\FT_MODULES</Filter>
    </ClCompile>
    <ClCompile Include="ext\freetype\src\type42\type42.c">
      <Filter>Quelldateien\ext\freetype\FT_MODULES</Filter>
    </ClCompile>
    <ClCompile Include="ext\freetype\src\winfonts\winfnt.c">
      <Filter>Quelldateien\ext\freetype\FT_MODULES</Filter>
    </ClCompile>
    <ClCompile Include="ext\freetype\src\pfr\pfr.c">
      <Filter>Quelldateien\ext\freetype\FT_MODULES</Filter>
    </ClCompile>
    <ClCompile Include="ext\freetype-gl\platform.c">
      <Filter>Quelldateien\ext\freetype-gl</Filter>
    </ClCompile>
    <ClCompile Include="ext\freetype-gl\texture-atlas.c">
      <Filter>Quelldateien\ext\freetype-gl</Filter>
    </ClCompile>
    <ClCompile Include="ext\freetype-gl\texture-font.c">
      <Filter>Quelldateien\ext\freetype-gl</Filter>
    </ClCompile>
    <ClCompile Include="ext\freetype-gl\vector.c">
      <Filter>Quelldateien\ext\freetype-gl</Filter>
    </ClCompile>
    <ClCompile Include="ext\freetype-gl\distance-field.c">
      <Filter>Quelldateien\ext\freetype-gl</Filter>
    </ClCompile>
    <ClCompile Include="ext\freetype-gl\edtaa3func.c">
      <Filter>Quelldateien\ext\freetype-gl</Filter>
    </ClCompile>
    <ClCompile Include="ext\freetype-gl\utf8-utils.c">
      <Filter>Quelldateien\ext\freetype-gl</Filter>
    </ClCompile>
    <ClCompile Include="src\graphics\buffers\buffer.cpp">
      <Filter>Quelldateien\graphics\buffers</Filter>
    </ClCompile>
    <ClCompile Include="src\graphics\buffers\indexbuffer.cpp">
      <Filter>Quelldateien\graphics\buffers</Filter>
    </ClCompile>
    <ClCompile Include="src\graphics\layers\group.cpp">
      <Filter>Quelldateien\graphics\layers</Filter>
    </ClCompile>
    <ClCompile Include="src\graphics\label.cpp">
      <Filter>Quelldateien\graphics\renderables</Filter>
    </ClCompile>
    <ClCompile Include="src\graphics\layers\layer.cpp">
      <Filter>Quelldateien\graphics\layers</Filter>
    </ClCompile>
    <ClCompile Include="src\graphics\batchrenderer2d.cpp">
      <Filter>Quelldateien\graphics</Filter>
    </ClCompile>
    <ClCompile Include="src\maths\mat4.cpp">
      <Filter>Quelldateien\maths</Filter>
    </ClCompile>
    <ClCompile Include="src\graphics\sprite.cpp">
      <Filter>Quelldateien\graphics\renderables</Filter>
    </ClCompile>
    <ClCompile Include="src\graphics\texture.cpp">
      <Filter>Quelldateien\graphics</Filter>
    </ClCompile>
    <ClCompile Include="src\maths\vec3.cpp">
      <Filter>Quelldateien\maths</Filter>
    </ClCompile>
    <ClCompile Include="src\maths\vec4.cpp">
      <Filter>Quelldateien\maths</Filter>
    </ClCompile>
    <ClCompile Include="src\maths\vec2.cpp">
      <Filter>Quelldateien\maths</Filter>
    </ClCompile>
    <ClCompile Include="src\graphics\buffers\vertexarray.cpp">
      <Filter>Quelldateien\graphics\buffers</Filter>
    </ClCompile>
    <ClCompile Include="src\graphics\window.cpp">
      <Filter>Quelldateien\graphics</Filter>
    </ClCompile>
    <ClCompile Include="src\graphics\font.cpp">
      <Filter>Quelldateien\graphics\fonts</Filter>
    </ClCompile>
    <ClCompile Include="src\graphics\font_manager.cpp">
      <Filter>Quelldateien\graphics\fonts</Filter>
    </ClCompile>
    <ClCompile Include="ext\gorilla-audio\ga.c">
      <Filter>Quelldateien\ext\gorilla-audio</Filter>
    </ClCompile>
    <ClCompile Include="ext\gorilla-audio\devices\ga_openal.c">
      <Filter>Quelldateien\ext\gorilla-audio</Filter>
    </ClCompile>
    <ClCompile Include="ext\gorilla-audio\ga_stream.c">
      <Filter>Quelldateien\ext\gorilla-audio</Filter>
    </ClCompile>
    <ClCompile Include="ext\gorilla-audio\gau.c">
      <Filter>Quelldateien\ext\gorilla-audio</Filter>
    </ClCompile>
    <ClCompile Include="ext\gorilla-audio\common\gc_common.c">
      <Filter>Quelldateien\ext\gorilla-audio</Filter>
    </ClCompile>
    <ClCompile Include="ext\gorilla-audio\common\gc_thread.c">
      <Filter>Quelldateien\ext\gorilla-audio</Filter>
    </ClCompile>
    <ClCompile Include="src\audio\sound.cpp">
      <Filter>Quelldateien\audio</Filter>
    </ClCompile>
    <ClCompile Include="src\audio\sound_manager.cpp">
      <Filter>Quelldateien\audio</Filter>
    </ClCompile>
    <ClCompile Include="src\graphics\texture_manager.cpp">
      <Filter>Quelldateien\graphics</Filter>
    </ClCompile>
    <ClCompile Include="src\graphics\shaders\shader.cpp">
      <Filter>Quelldateien\graphics\shaders</Filter>
    </ClCompile>
    <ClCompile Include="src\graphics\shaders\shader_factory.cpp">
      <Filter>Quelldateien\graphics\shaders</Filter>
    </ClCompile>
    <ClCompile Include="src\embedded\embedded.cpp">
      <Filter>Quelldateien\embedded</Filter>
    </ClCompile>
  </ItemGroup>
  <ItemGroup>
    <ClInclude Include="ext\freetype\include\ft2build.h">
      <Filter>Headerdateien\ext\freetype</Filter>
    </ClInclude>
    <ClInclude Include="ext\freetype\include\freetype\config\ftconfig.h">
      <Filter>Headerdateien\ext\freetype</Filter>
    </ClInclude>
    <ClInclude Include="ext\freetype\include\freetype\config\ftheader.h">
      <Filter>Headerdateien\ext\freetype</Filter>
    </ClInclude>
    <ClInclude Include="ext\freetype\include\freetype\config\ftmodule.h">
      <Filter>Headerdateien\ext\freetype</Filter>
    </ClInclude>
    <ClInclude Include="ext\freetype\include\freetype\config\ftoption.h">
      <Filter>Headerdateien\ext\freetype</Filter>
    </ClInclude>
    <ClInclude Include="ext\freetype\include\freetype\config\ftstdlib.h">
      <Filter>Headerdateien\ext\freetype</Filter>
    </ClInclude>
    <ClInclude Include="ext\freetype-gl\freetype-gl.h">
      <Filter>Headerdateien\ext\freetype-gl</Filter>
    </ClInclude>
    <ClInclude Include="ext\freetype-gl\markup.h">
      <Filter>Headerdateien\ext\freetype-gl</Filter>
    </ClInclude>
    <ClInclude Include="ext\freetype-gl\opengl.h">
      <Filter>Headerdateien\ext\freetype-gl</Filter>
    </ClInclude>
    <ClInclude Include="ext\freetype-gl\platform.h">
      <Filter>Headerdateien\ext\freetype-gl</Filter>
    </ClInclude>
    <ClInclude Include="ext\freetype-gl\texture-atlas.h">
      <Filter>Headerdateien\ext\freetype-gl</Filter>
    </ClInclude>
    <ClInclude Include="ext\freetype-gl\texture-font.h">
      <Filter>Headerdateien\ext\freetype-gl</Filter>
    </ClInclude>
    <ClInclude Include="ext\freetype-gl\vec234.h">
      <Filter>Headerdateien\ext\freetype-gl</Filter>
    </ClInclude>
    <ClInclude Include="ext\freetype-gl\vector.h">
      <Filter>Headerdateien\ext\freetype-gl</Filter>
    </ClInclude>
    <ClInclude Include="ext\freetype-gl\distance-field.h">
      <Filter>Headerdateien\ext\freetype-gl</Filter>
    </ClInclude>
    <ClInclude Include="ext\freetype-gl\edtaa3func.h">
      <Filter>Headerdateien\ext\freetype-gl</Filter>
    </ClInclude>
    <ClInclude Include="ext\freetype-gl\utf8-utils.h">
      <Filter>Headerdateien\ext\freetype-gl</Filter>
    </ClInclude>
    <ClInclude Include="src\graphics\batchrenderer2d.h">
      <Filter>Headerdateien\graphics</Filter>
    </ClInclude>
    <ClInclude Include="src\graphics\renderer2d.h">
      <Filter>Headerdateien\graphics</Filter>
    </ClInclude>
    <ClInclude Include="src\graphics\texture.h">
      <Filter>Headerdateien\graphics</Filter>
    </ClInclude>
    <ClInclude Include="src\utils\fileutils.h">
      <Filter>Headerdateien\utils</Filter>
    </ClInclude>
    <ClInclude Include="src\utils\image_load.h">
      <Filter>Headerdateien\utils</Filter>
    </ClInclude>
    <ClInclude Include="src\utils\timer.h">
      <Filter>Headerdateien\utils</Filter>
    </ClInclude>
    <ClInclude Include="src\maths\mat4.h">
      <Filter>Headerdateien\maths</Filter>
    </ClInclude>
    <ClInclude Include="src\maths\maths.h">
      <Filter>Headerdateien\maths</Filter>
    </ClInclude>
    <ClInclude Include="src\maths\maths_func.h">
      <Filter>Headerdateien\maths</Filter>
    </ClInclude>
    <ClInclude Include="src\maths\vec2.h">
      <Filter>Headerdateien\maths</Filter>
    </ClInclude>
    <ClInclude Include="src\maths\vec3.h">
      <Filter>Headerdateien\maths</Filter>
    </ClInclude>
    <ClInclude Include="src\maths\vec4.h">
      <Filter>Headerdateien\maths</Filter>
    </ClInclude>
    <ClInclude Include="src\graphics\buffers\buffer.h">
      <Filter>Headerdateien\graphics\buffers</Filter>
    </ClInclude>
    <ClInclude Include="src\graphics\buffers\indexbuffer.h">
      <Filter>Headerdateien\graphics\buffers</Filter>
    </ClInclude>
    <ClInclude Include="src\graphics\layers\layer.h">
      <Filter>Headerdateien\graphics\layers</Filter>
    </ClInclude>
    <ClInclude Include="src\graphics\buffers\vertexarray.h">
      <Filter>Headerdateien\graphics\buffers</Filter>
    </ClInclude>
    <ClInclude Include="src\graphics\layers\group.h">
      <Filter>Headerdateien\graphics\layers</Filter>
    </ClInclude>
    <ClInclude Include="src\graphics\label.h">
      <Filter>Headerdateien\graphics\renderables</Filter>
    </ClInclude>
    <ClInclude Include="src\graphics\sprite.h">
      <Filter>Headerdateien\graphics\renderables</Filter>
    </ClInclude>
    <ClInclude Include="src\graphics\renderable2d.h">
      <Filter>Headerdateien\graphics\renderables</Filter>
    </ClInclude>
    <ClInclude Include="src\graphics\window.h">
      <Filter>Headerdateien\graphics</Filter>
    </ClInclude>
    <ClInclude Include="src\graphics\font.h">
      <Filter>Headerdateien\graphics\fonts</Filter>
    </ClInclude>
    <ClInclude Include="src\graphics\font_manager.h">
      <Filter>Headerdateien\graphics\fonts</Filter>
    </ClInclude>
    <ClInclude Include="ext\gorilla-audio\ga.h">
      <Filter>Headerdateien\ext\gorilla-audio</Filter>
    </ClInclude>
    <ClInclude Include="ext\gorilla-audio\ga_internal.h">
      <Filter>Headerdateien\ext\gorilla-audio</Filter>
    </ClInclude>
    <ClInclude Include="ext\gorilla-audio\devices\ga_openal.h">
      <Filter>Headerdateien\ext\gorilla-audio</Filter>
    </ClInclude>
    <ClInclude Include="ext\gorilla-audio\gau.h">
      <Filter>Headerdateien\ext\gorilla-audio</Filter>
    </ClInclude>
    <ClInclude Include="ext\gorilla-audio\common\gc_common.h">
      <Filter>Headerdateien\ext\gorilla-audio</Filter>
    </ClInclude>
    <ClInclude Include="ext\gorilla-audio\common\gc_thread.h">
      <Filter>Headerdateien\ext\gorilla-audio</Filter>
    </ClInclude>
    <ClInclude Include="ext\gorilla-audio\common\gc_types.h">
      <Filter>Headerdateien\ext\gorilla-audio</Filter>
    </ClInclude>
    <ClInclude Include="src\utils\stringutils.h">
      <Filter>Headerdateien\utils</Filter>
    </ClInclude>
    <ClInclude Include="src\radi.h">
      <Filter>Headerdateien</Filter>
    </ClInclude>
    <ClInclude Include="src\utils\log.h">
      <Filter>Headerdateien\utils</Filter>
    </ClInclude>
    <ClInclude Include="src\audio\sound.h">
      <Filter>Headerdateien\audio</Filter>
    </ClInclude>
    <ClInclude Include="src\audio\sound_manager.h">
      <Filter>Headerdateien\audio</Filter>
    </ClInclude>
    <ClInclude Include="src\radigl.h">
      <Filter>Headerdateien</Filter>
    </ClInclude>
    <ClInclude Include="src\graphics\texture_manager.h">
      <Filter>Headerdateien\graphics</Filter>
    </ClInclude>
    <ClInclude Include="src\graphics\shaders\shader.h">
      <Filter>Headerdateien\graphics\shaders</Filter>
    </ClInclude>
    <ClInclude Include="src\graphics\shaders\shader_factory.h">
      <Filter>Headerdateien\graphics\shaders</Filter>
    </ClInclude>
    <ClInclude Include="src\radi_types.h">
      <Filter>Headerdateien</Filter>
    </ClInclude>
    <ClInclude Include="src\embedded\embedded.h">
      <Filter>Headerdateien\embedded</Filter>
    </ClInclude>
  </ItemGroup>
  <ItemGroup>
    <None Include="src\embedded\files\SourceSansPro-Light.embed">
      <Filter>Ressourcendateien\embedded</Filter>
    </None>
  </ItemGroup>
</Project>